PODS:
  - EMTNeumorphicView (1.0.4)
  - NeumorphismTab (0.9.6)
  - Realm (5.0.3):
    - Realm/Headers (= 5.0.3)
  - Realm/Headers (5.0.3)
  - RealmSwift (5.0.3):
    - Realm (= 5.0.3)

DEPENDENCIES:
  - EMTNeumorphicView
  - NeumorphismTab
  - RealmSwift

SPEC REPOS:
  trunk:
    - EMTNeumorphicView
    - NeumorphismTab
    - Realm
    - RealmSwift

SPEC CHECKSUMS:
  EMTNeumorphicView: cb5e92953e43b1872ab47fefd451a9ce0c16fc77
  NeumorphismTab: 4706107161bcee092a0c66093f1ab0221de52220
  Realm: bfca1699b61b0b17c3a69ae0e648314eae91fbdb
  RealmSwift: 493c9f089cd3893b3959007973c0e4f640906ba0

PODFILE CHECKSUM: aa4b5c4c6217c6de9c0ffa142a8348a7d578e3c9

COCOAPODS: 1.8.4
